
Microsoft Visual Studio Solution File, Format Version 12.00
# Visual Studio Version 16
VisualStudioVersion = 16.0.29728.190
MinimumVisualStudioVersion = 10.0.40219.1
Project("{FAE04EC0-301F-11D3-BF4B-00C04F79EFBC}") = "ReverseShellExample", "ReverseShellExample.csproj", "{7A5B16CF-96E6-4480-9B77-0247833EE9E0}"
EndProject
Global
	GlobalSection(SolutionConfigurationPlatforms) = preSolution
		Debug|Any CPU = Debug|Any CPU
		Release|Any CPU = Release|Any CPU
	EndGlobalSection
	GlobalSection(ProjectConfigurationPlatforms) = postSolution
		{7A5B16CF-96E6-4480-9B77-0247833EE9E0}.Debug|Any CPU.ActiveCfg = Debug|Any CPU
		{7A5B16CF-96E6-4480-9B77-0247833EE9E0}.Debug|Any CPU.Build.0 = Debug|Any CPU
		{7A5B16CF-96E6-4480-9B77-0247833EE9E0}.Release|Any CPU.ActiveCfg = Release|Any CPU
		{7A5B16CF-96E6-4480-9B77-0247833EE9E0}.Release|Any CPU.Build.0 = Release|Any CPU
	EndGlobalSection
	GlobalSection(SolutionProperties) = preSolution
		HideSolutionNode = FALSE
	EndGlobalSection
	GlobalSection(ExtensibilityGlobals) = postSolution
		SolutionGuid = {5A011334-6401-4757-AD62-961D964E8AAC}
	EndGlobalSection
EndGlobal
